
Microsoft Visual Studio Solution File, Format Version 12.00
# Visual Studio Version 17
VisualStudioVersion = 17.5.002.0
MinimumVisualStudioVersion = 10.0.40219.1
Project("{9A19103F-16F7-4668-BE54-9A1E7A4F7556}") = "TestConsole2", "TestConsole2.csproj", "{8F1FC675-A7F8-4ACF-BE1B-930BFDE40C80}"
EndProject
Global
	GlobalSection(SolutionConfigurationPlatforms) = preSolution
		Debug|Any CPU = Debug|Any CPU
		Release|Any CPU = Release|Any CPU
	EndGlobalSection
	GlobalSection(ProjectConfigurationPlatforms) = postSolution
		{8F1FC675-A7F8-4ACF-BE1B-930BFDE40C80}.Debug|Any CPU.ActiveCfg = Debug|Any CPU
		{8F1FC675-A7F8-4ACF-BE1B-930BFDE40C80}.Debug|Any CPU.Build.0 = Debug|Any CPU
		{8F1FC675-A7F8-4ACF-BE1B-930BFDE40C80}.Release|Any CPU.ActiveCfg = Release|Any CPU
		{8F1FC675-A7F8-4ACF-BE1B-930BFDE40C80}.Release|Any CPU.Build.0 = Release|Any CPU
	EndGlobalSection
	GlobalSection(SolutionProperties) = preSolution
		HideSolutionNode = FALSE
	EndGlobalSection
	GlobalSection(ExtensibilityGlobals) = postSolution
		SolutionGuid = {0CC39DE2-7E66-4BBB-9D4E-32C24CC656B0}
	EndGlobalSection
EndGlobal
