
Microsoft Visual Studio Solution File, Format Version 12.00
# Visual Studio Version 17
VisualStudioVersion = 17.5.002.0
MinimumVisualStudioVersion = 10.0.40219.1
Project("{9A19103F-16F7-4668-BE54-9A1E7A4F7556}") = "exam", "exam\exam.csproj", "{91410F93-05C0-459B-B8E1-F64FC8C57404}"
EndProject
Project("{9A19103F-16F7-4668-BE54-9A1E7A4F7556}") = "MyWebApi", "MyWebApi\MyWebApi.csproj", "{A332062D-B74A-45EF-BED4-DDDFC15E2E12}"
EndProject
Global
	GlobalSection(SolutionConfigurationPlatforms) = preSolution
		Debug|Any CPU = Debug|Any CPU
		Release|Any CPU = Release|Any CPU
	EndGlobalSection
	GlobalSection(ProjectConfigurationPlatforms) = postSolution
		{91410F93-05C0-459B-B8E1-F64FC8C57404}.Debug|Any CPU.ActiveCfg = Debug|Any CPU
		{91410F93-05C0-459B-B8E1-F64FC8C57404}.Debug|Any CPU.Build.0 = Debug|Any CPU
		{91410F93-05C0-459B-B8E1-F64FC8C57404}.Release|Any CPU.ActiveCfg = Release|Any CPU
		{91410F93-05C0-459B-B8E1-F64FC8C57404}.Release|Any CPU.Build.0 = Release|Any CPU
		{A332062D-B74A-45EF-BED4-DDDFC15E2E12}.Debug|Any CPU.ActiveCfg = Debug|Any CPU
		{A332062D-B74A-45EF-BED4-DDDFC15E2E12}.Debug|Any CPU.Build.0 = Debug|Any CPU
		{A332062D-B74A-45EF-BED4-DDDFC15E2E12}.Release|Any CPU.ActiveCfg = Release|Any CPU
		{A332062D-B74A-45EF-BED4-DDDFC15E2E12}.Release|Any CPU.Build.0 = Release|Any CPU
	EndGlobalSection
	GlobalSection(SolutionProperties) = preSolution
		HideSolutionNode = FALSE
	EndGlobalSection
	GlobalSection(ExtensibilityGlobals) = postSolution
		SolutionGuid = {32F12F90-9023-4BBB-ACF0-C1FFF01B9DCC}
	EndGlobalSection
EndGlobal
