
Microsoft Visual Studio Solution File, Format Version 12.00
# Visual Studio Version 17
VisualStudioVersion = 17.5.002.0
MinimumVisualStudioVersion = 10.0.40219.1
Project("{9A19103F-16F7-4668-BE54-9A1E7A4F7556}") = "firstApi", "firstApi\firstApi.csproj", "{64083221-13C4-4F32-B4C9-8E78B7523B67}"
EndProject
Project("{9A19103F-16F7-4668-BE54-9A1E7A4F7556}") = "secondApi", "secondApi\secondApi.csproj", "{8BF94B76-C725-4B2A-B249-5BADB733F2BE}"
EndProject
Global
	GlobalSection(SolutionConfigurationPlatforms) = preSolution
		Debug|Any CPU = Debug|Any CPU
		Release|Any CPU = Release|Any CPU
	EndGlobalSection
	GlobalSection(ProjectConfigurationPlatforms) = postSolution
		{64083221-13C4-4F32-B4C9-8E78B7523B67}.Debug|Any CPU.ActiveCfg = Debug|Any CPU
		{64083221-13C4-4F32-B4C9-8E78B7523B67}.Debug|Any CPU.Build.0 = Debug|Any CPU
		{64083221-13C4-4F32-B4C9-8E78B7523B67}.Release|Any CPU.ActiveCfg = Release|Any CPU
		{64083221-13C4-4F32-B4C9-8E78B7523B67}.Release|Any CPU.Build.0 = Release|Any CPU
		{8BF94B76-C725-4B2A-B249-5BADB733F2BE}.Debug|Any CPU.ActiveCfg = Debug|Any CPU
		{8BF94B76-C725-4B2A-B249-5BADB733F2BE}.Debug|Any CPU.Build.0 = Debug|Any CPU
		{8BF94B76-C725-4B2A-B249-5BADB733F2BE}.Release|Any CPU.ActiveCfg = Release|Any CPU
		{8BF94B76-C725-4B2A-B249-5BADB733F2BE}.Release|Any CPU.Build.0 = Release|Any CPU
	EndGlobalSection
	GlobalSection(SolutionProperties) = preSolution
		HideSolutionNode = FALSE
	EndGlobalSection
	GlobalSection(ExtensibilityGlobals) = postSolution
		SolutionGuid = {6C91090E-FB97-4161-82B6-4094765D4048}
	EndGlobalSection
EndGlobal
